github.com/mailru/easygo v0.0.0-20190618140210-3c14a0dc985f h1:4+gHs0jJFJ06bfN8PshnM6cHcxGjRUVRLo5jndDiKRQ=
github.com/mailru/easygo v0.0.0-20190618140210-3c14a0dc985f/go.mod h1:tHCZHV8b2A90ObojrEAzY0Lb03gxUxjDHr5IJyAh4ew=
golang.org/x/sys v0.0.0-20220227234510-4e6760a101f9 h1:nhht2DYV/Sn3qOayu8lM+cU1ii9sTLUeBQwQQfUHtrs=
golang.org/x/sys v0.0.0-20220227234510-4e6760a101f9/go.mod h1:oPkhp1MJrh7nUepCBck5+mAzfO9JrbApNNgaTdGDITg=
