github.com/mailru/easygo v0.0.0-20190618140210-3c14a0dc985f h1:4+gHs0jJFJ06bfN8PshnM6cHcxGjRUVRLo5jndDiKRQ=
github.com/mailru/easygo v0.0.0-20190618140210-3c14a0dc985f/go.mod h1:tHCZHV8b2A90ObojrEAzY0Lb03gxUxjDHr5IJyAh4ew=
golang.org/x/sys v0.0.0-20201107080550-4d91cf3a1aaf h1:kt3wY1Lu5MJAnKTfoMR52Cu4gwvna4VTzNOiT8tY73s=
golang.org/x/sys v0.0.0-20201107080550-4d91cf3a1aaf/go.mod h1:h1NjWce9XRLGQEsW7wpKNCjG9DtNlClVuFLEZdDNbEs=
